
Microsoft Visual Studio Solution File, Format Version 12.00
# Visual Studio Version 16
VisualStudioVersion = 16.0.29920.165
MinimumVisualStudioVersion = 10.0.40219.1
Project("{FAE04EC0-301F-11D3-BF4B-00C04F79EFBC}") = "PR_F02", "PR_F02.csproj", "{70666C50-DCA5-4E55-B6E9-157EC5CEBD6F}"
EndProject
Project("{FAE04EC0-301F-11D3-BF4B-00C04F79EFBC}") = "Data", "..\Data\Data.csproj", "{563CDC84-B769-4DA5-9726-6A45D096949B}"
EndProject
Project("{FAE04EC0-301F-11D3-BF4B-00C04F79EFBC}") = "Logic", "..\Logic\Logic.csproj", "{F83D833E-A38A-418A-9310-5C802391A4B2}"
EndProject
Project("{FAE04EC0-301F-11D3-BF4B-00C04F79EFBC}") = "Services", "..\Services\Services.csproj", "{7AB20601-2DF3-498F-8EBD-AA40388A4C76}"
EndProject
Global
	GlobalSection(SolutionConfigurationPlatforms) = preSolution
		Debug|Any CPU = Debug|Any CPU
		Release|Any CPU = Release|Any CPU
	EndGlobalSection
	GlobalSection(ProjectConfigurationPlatforms) = postSolution
		{70666C50-DCA5-4E55-B6E9-157EC5CEBD6F}.Debug|Any CPU.ActiveCfg = Debug|Any CPU
		{70666C50-DCA5-4E55-B6E9-157EC5CEBD6F}.Debug|Any CPU.Build.0 = Debug|Any CPU
		{70666C50-DCA5-4E55-B6E9-157EC5CEBD6F}.Release|Any CPU.ActiveCfg = Release|Any CPU
		{70666C50-DCA5-4E55-B6E9-157EC5CEBD6F}.Release|Any CPU.Build.0 = Release|Any CPU
		{563CDC84-B769-4DA5-9726-6A45D096949B}.Debug|Any CPU.ActiveCfg = Debug|Any CPU
		{563CDC84-B769-4DA5-9726-6A45D096949B}.Debug|Any CPU.Build.0 = Debug|Any CPU
		{563CDC84-B769-4DA5-9726-6A45D096949B}.Release|Any CPU.ActiveCfg = Release|Any CPU
		{563CDC84-B769-4DA5-9726-6A45D096949B}.Release|Any CPU.Build.0 = Release|Any CPU
		{F83D833E-A38A-418A-9310-5C802391A4B2}.Debug|Any CPU.ActiveCfg = Debug|Any CPU
		{F83D833E-A38A-418A-9310-5C802391A4B2}.Debug|Any CPU.Build.0 = Debug|Any CPU
		{F83D833E-A38A-418A-9310-5C802391A4B2}.Release|Any CPU.ActiveCfg = Release|Any CPU
		{F83D833E-A38A-418A-9310-5C802391A4B2}.Release|Any CPU.Build.0 = Release|Any CPU
		{7AB20601-2DF3-498F-8EBD-AA40388A4C76}.Debug|Any CPU.ActiveCfg = Debug|Any CPU
		{7AB20601-2DF3-498F-8EBD-AA40388A4C76}.Debug|Any CPU.Build.0 = Debug|Any CPU
		{7AB20601-2DF3-498F-8EBD-AA40388A4C76}.Release|Any CPU.ActiveCfg = Release|Any CPU
		{7AB20601-2DF3-498F-8EBD-AA40388A4C76}.Release|Any CPU.Build.0 = Release|Any CPU
	EndGlobalSection
	GlobalSection(SolutionProperties) = preSolution
		HideSolutionNode = FALSE
	EndGlobalSection
	GlobalSection(ExtensibilityGlobals) = postSolution
		SolutionGuid = {90C5A7D4-2C05-4C68-989E-EB4CFA177F09}
	EndGlobalSection
EndGlobal
